
Microsoft Visual Studio Solution File, Format Version 12.00
# Visual Studio 15
VisualStudioVersion = 15.0.27130.2036
MinimumVisualStudioVersion = 10.0.40219.1
Project("{FAE04EC0-301F-11D3-BF4B-00C04F79EFBC}") = "Tests", "Tests\Tests.csproj", "{F02CB4F8-34FC-4D10-9039-C3CCE3AF5CDB}"
	ProjectSection(ProjectDependencies) = postProject
		{4042274D-44C5-4E8B-BE62-5861FE661EAF} = {4042274D-44C5-4E8B-BE62-5861FE661EAF}
	EndProjectSection
EndProject
Project("{FAE04EC0-301F-11D3-BF4B-00C04F79EFBC}") = "FlamingStrike.UI.WPF", "FlamingStrike.UI.WPF\FlamingStrike.UI.WPF.csproj", "{3B937F0E-E727-442D-B1DA-E5ED6EF939D5}"
EndProject
Project("{9A19103F-16F7-4668-BE54-9A1E7A4F7556}") = "FlamingStrike.GameEngine", "FlamingStrike.GameEngine\FlamingStrike.GameEngine.csproj", "{A35C3BAE-9424-4B3F-8413-F01CEBAC0233}"
EndProject
Project("{FAE04EC0-301F-11D3-BF4B-00C04F79EFBC}") = "FlamingStrike.Core", "FlamingStrike.Core\FlamingStrike.Core.csproj", "{4042274D-44C5-4E8B-BE62-5861FE661EAF}"
EndProject
Global
	GlobalSection(SolutionConfigurationPlatforms) = preSolution
		DEBUG_QUICKSETUP|Any CPU = DEBUG_QUICKSETUP|Any CPU
		Debug|Any CPU = Debug|Any CPU
		Release|Any CPU = Release|Any CPU
	EndGlobalSection
	GlobalSection(ProjectConfigurationPlatforms) = postSolution
		{F02CB4F8-34FC-4D10-9039-C3CCE3AF5CDB}.DEBUG_QUICKSETUP|Any CPU.ActiveCfg = Debug|Any CPU
		{F02CB4F8-34FC-4D10-9039-C3CCE3AF5CDB}.DEBUG_QUICKSETUP|Any CPU.Build.0 = Debug|Any CPU
		{F02CB4F8-34FC-4D10-9039-C3CCE3AF5CDB}.Debug|Any CPU.ActiveCfg = Debug|Any CPU
		{F02CB4F8-34FC-4D10-9039-C3CCE3AF5CDB}.Debug|Any CPU.Build.0 = Debug|Any CPU
		{F02CB4F8-34FC-4D10-9039-C3CCE3AF5CDB}.Release|Any CPU.ActiveCfg = Release|Any CPU
		{F02CB4F8-34FC-4D10-9039-C3CCE3AF5CDB}.Release|Any CPU.Build.0 = Release|Any CPU
		{3B937F0E-E727-442D-B1DA-E5ED6EF939D5}.DEBUG_QUICKSETUP|Any CPU.ActiveCfg = DEBUG_QUICKSETUP|Any CPU
		{3B937F0E-E727-442D-B1DA-E5ED6EF939D5}.DEBUG_QUICKSETUP|Any CPU.Build.0 = DEBUG_QUICKSETUP|Any CPU
		{3B937F0E-E727-442D-B1DA-E5ED6EF939D5}.Debug|Any CPU.ActiveCfg = Debug|Any CPU
		{3B937F0E-E727-442D-B1DA-E5ED6EF939D5}.Debug|Any CPU.Build.0 = Debug|Any CPU
		{3B937F0E-E727-442D-B1DA-E5ED6EF939D5}.Release|Any CPU.ActiveCfg = Release|Any CPU
		{3B937F0E-E727-442D-B1DA-E5ED6EF939D5}.Release|Any CPU.Build.0 = Release|Any CPU
		{A35C3BAE-9424-4B3F-8413-F01CEBAC0233}.DEBUG_QUICKSETUP|Any CPU.ActiveCfg = Debug|Any CPU
		{A35C3BAE-9424-4B3F-8413-F01CEBAC0233}.DEBUG_QUICKSETUP|Any CPU.Build.0 = Debug|Any CPU
		{A35C3BAE-9424-4B3F-8413-F01CEBAC0233}.Debug|Any CPU.ActiveCfg = Debug|Any CPU
		{A35C3BAE-9424-4B3F-8413-F01CEBAC0233}.Debug|Any CPU.Build.0 = Debug|Any CPU
		{A35C3BAE-9424-4B3F-8413-F01CEBAC0233}.Release|Any CPU.ActiveCfg = Release|Any CPU
		{A35C3BAE-9424-4B3F-8413-F01CEBAC0233}.Release|Any CPU.Build.0 = Release|Any CPU
		{4042274D-44C5-4E8B-BE62-5861FE661EAF}.DEBUG_QUICKSETUP|Any CPU.ActiveCfg = Debug|Any CPU
		{4042274D-44C5-4E8B-BE62-5861FE661EAF}.DEBUG_QUICKSETUP|Any CPU.Build.0 = Debug|Any CPU
		{4042274D-44C5-4E8B-BE62-5861FE661EAF}.Debug|Any CPU.ActiveCfg = Debug|Any CPU
		{4042274D-44C5-4E8B-BE62-5861FE661EAF}.Debug|Any CPU.Build.0 = Debug|Any CPU
		{4042274D-44C5-4E8B-BE62-5861FE661EAF}.Release|Any CPU.ActiveCfg = Release|Any CPU
		{4042274D-44C5-4E8B-BE62-5861FE661EAF}.Release|Any CPU.Build.0 = Release|Any CPU
	EndGlobalSection
	GlobalSection(SolutionProperties) = preSolution
		HideSolutionNode = FALSE
	EndGlobalSection
	GlobalSection(ExtensibilityGlobals) = postSolution
		SolutionGuid = {BE1E80C6-8C77-4F21-9591-C148810AFF07}
	EndGlobalSection
EndGlobal
