
Microsoft Visual Studio Solution File, Format Version 12.00
# Visual Studio 2012
Project("{FAE04EC0-301F-11D3-BF4B-00C04F79EFBC}") = "RISK.GuiWpf", "RISK.Wpf\RISK.GuiWpf.csproj", "{3B937F0E-E727-442D-B1DA-E5ED6EF939D5}"
EndProject
Project("{FAE04EC0-301F-11D3-BF4B-00C04F79EFBC}") = "RISK.Domain", "RISK.Domain\RISK.Domain.csproj", "{6DE17FCA-3F04-4923-8AB8-E3FA376A54FF}"
EndProject
Project("{FAE04EC0-301F-11D3-BF4B-00C04F79EFBC}") = "RISK.Tests", "RISK.Tests\RISK.Tests.csproj", "{48231B07-A5BD-4D68-9B84-84825A73FF50}"
EndProject
Global
	GlobalSection(SolutionConfigurationPlatforms) = preSolution
		Debug|Any CPU = Debug|Any CPU
		Release|Any CPU = Release|Any CPU
	EndGlobalSection
	GlobalSection(ProjectConfigurationPlatforms) = postSolution
		{3B937F0E-E727-442D-B1DA-E5ED6EF939D5}.Debug|Any CPU.ActiveCfg = Debug|Any CPU
		{3B937F0E-E727-442D-B1DA-E5ED6EF939D5}.Debug|Any CPU.Build.0 = Debug|Any CPU
		{3B937F0E-E727-442D-B1DA-E5ED6EF939D5}.Release|Any CPU.ActiveCfg = Release|Any CPU
		{3B937F0E-E727-442D-B1DA-E5ED6EF939D5}.Release|Any CPU.Build.0 = Release|Any CPU
		{6DE17FCA-3F04-4923-8AB8-E3FA376A54FF}.Debug|Any CPU.ActiveCfg = Debug|Any CPU
		{6DE17FCA-3F04-4923-8AB8-E3FA376A54FF}.Debug|Any CPU.Build.0 = Debug|Any CPU
		{6DE17FCA-3F04-4923-8AB8-E3FA376A54FF}.Release|Any CPU.ActiveCfg = Release|Any CPU
		{6DE17FCA-3F04-4923-8AB8-E3FA376A54FF}.Release|Any CPU.Build.0 = Release|Any CPU
		{48231B07-A5BD-4D68-9B84-84825A73FF50}.Debug|Any CPU.ActiveCfg = Debug|Any CPU
		{48231B07-A5BD-4D68-9B84-84825A73FF50}.Debug|Any CPU.Build.0 = Debug|Any CPU
		{48231B07-A5BD-4D68-9B84-84825A73FF50}.Release|Any CPU.ActiveCfg = Release|Any CPU
		{48231B07-A5BD-4D68-9B84-84825A73FF50}.Release|Any CPU.Build.0 = Release|Any CPU
	EndGlobalSection
	GlobalSection(SolutionProperties) = preSolution
		HideSolutionNode = FALSE
	EndGlobalSection
EndGlobal
